
Microsoft Visual Studio Solution File, Format Version 12.00
# Visual Studio Version 18
VisualStudioVersion = 18.3.11512.155 d18.3
MinimumVisualStudioVersion = 10.0.40219.1
Project("{FAE04EC0-301F-11D3-BF4B-00C04F79EFBC}") = "iRailTracker", "iRailTracker\iRailTracker.csproj", "{940445EF-E1AA-41A1-894C-FBBF62AEEF49}"
EndProject
Project("{FAE04EC0-301F-11D3-BF4B-00C04F79EFBC}") = "iRailTracker.UnitTests", "iRailTracker.UnitTests\iRailTracker.UnitTests.csproj", "{73CA3098-934E-4FD8-A1C7-B3B7F999CE7E}"
EndProject
Global
	GlobalSection(SolutionConfigurationPlatforms) = preSolution
		Debug|Any CPU = Debug|Any CPU
		Release|Any CPU = Release|Any CPU
	EndGlobalSection
	GlobalSection(ProjectConfigurationPlatforms) = postSolution
		{940445EF-E1AA-41A1-894C-FBBF62AEEF49}.Debug|Any CPU.ActiveCfg = Debug|Any CPU
		{940445EF-E1AA-41A1-894C-FBBF62AEEF49}.Debug|Any CPU.Build.0 = Debug|Any CPU
		{940445EF-E1AA-41A1-894C-FBBF62AEEF49}.Debug|Any CPU.Deploy.0 = Debug|Any CPU
		{940445EF-E1AA-41A1-894C-FBBF62AEEF49}.Release|Any CPU.ActiveCfg = Release|Any CPU
		{940445EF-E1AA-41A1-894C-FBBF62AEEF49}.Release|Any CPU.Build.0 = Release|Any CPU
		{940445EF-E1AA-41A1-894C-FBBF62AEEF49}.Release|Any CPU.Deploy.0 = Release|Any CPU
		{73CA3098-934E-4FD8-A1C7-B3B7F999CE7E}.Debug|Any CPU.ActiveCfg = Debug|Any CPU
		{73CA3098-934E-4FD8-A1C7-B3B7F999CE7E}.Debug|Any CPU.Build.0 = Debug|Any CPU
		{73CA3098-934E-4FD8-A1C7-B3B7F999CE7E}.Release|Any CPU.ActiveCfg = Release|Any CPU
		{73CA3098-934E-4FD8-A1C7-B3B7F999CE7E}.Release|Any CPU.Build.0 = Release|Any CPU
	EndGlobalSection
	GlobalSection(SolutionProperties) = preSolution
		HideSolutionNode = FALSE
	EndGlobalSection
	GlobalSection(ExtensibilityGlobals) = postSolution
		SolutionGuid = {C40CACF4-05ED-45DB-9FF1-2B884C9DC8B1}
	EndGlobalSection
EndGlobal
